dependencies:
- name: node-feature-discovery
  repository: https://kubernetes-sigs.github.io/node-feature-discovery/charts
  version: 0.15.4
- name: gpu-feature-discovery
  repository: https://nvidia.github.io/gpu-feature-discovery
  version: 0.8.2
- name: kube-state-metrics
  repository: https://prometheus-community.github.io/helm-charts
  version: 5.19.0
- name: prometheus-node-exporter
  repository: https://prometheus-community.github.io/helm-charts
  version: 4.33.0
- name: dcgm-exporter
  repository: https://nvidia.github.io/dcgm-exporter/helm-charts
  version: 3.4.1
- name: nvidia-device-plugin
  repository: https://nvidia.github.io/k8s-device-plugin
  version: 0.15.0
- name: prometheus
  repository: https://prometheus-community.github.io/helm-charts
  version: 23.2.0
- name: longhorn
  repository: https://charts.longhorn.io
  version: 1.5.1
- name: local-path-provisioner
  repository: ""
  version: 0.0.24
- name: harbor
  repository: ""
  version: 1.0.1
- name: prometheus-adapter
  repository: https://prometheus-community.github.io/helm-charts
  version: 4.9.0
- name: image-prepull
  repository: ""
  version: 0.1.0
digest: sha256:940ab3f40a994af07a8348b06a6d1514e91a7de618aba350d95e02497bb14a2f
generated: "2024-07-24T10:06:35.044673+09:00"
