dependencies:
- name: node-feature-discovery
  repository: https://kubernetes-sigs.github.io/node-feature-discovery/charts
  version: 0.13.3
- name: gpu-feature-discovery
  repository: https://nvidia.github.io/gpu-feature-discovery
  version: 0.8.1
- name: kube-state-metrics
  repository: https://prometheus-community.github.io/helm-charts
  version: 5.10.1
- name: prometheus-node-exporter
  repository: https://prometheus-community.github.io/helm-charts
  version: 4.21.0
- name: dcgm-exporter
  repository: https://nvidia.github.io/dcgm-exporter/helm-charts
  version: 3.1.5
- name: nvidia-device-plugin
  repository: https://nvidia.github.io/k8s-device-plugin
  version: 0.14.1
- name: prometheus
  repository: https://prometheus-community.github.io/helm-charts
  version: 23.2.0
- name: local-path-provisioner
  repository: ""
  version: 0.0.24
- name: longhorn
  repository: https://charts.longhorn.io
  version: 1.5.1
digest: sha256:2c09b79079357b0e20e351c83e6068cdc4cd352da5882e0669f5e74277dc4713
generated: "2023-10-11T10:33:58.157178+09:00"
